
Microsoft Visual Studio Solution File, Format Version 12.00
# Visual Studio Version 16
VisualStudioVersion = 16.0.31129.286
MinimumVisualStudioVersion = 10.0.40219.1
Project("{FAE04EC0-301F-11D3-BF4B-00C04F79EFBC}") = "UmdlaloVirtualGaming", "UmdlaloVirtualGaming\UmdlaloVirtualGaming.csproj", "{B7EF47F5-434B-47AE-94EA-1C506088FE3C}"
EndProject
Project("{FAE04EC0-301F-11D3-BF4B-00C04F79EFBC}") = "DataAccess", "DataAccess\DataAccess.csproj", "{325C3FC0-465E-4593-ACCD-2A80D7C1AD7F}"
EndProject
Project("{FAE04EC0-301F-11D3-BF4B-00C04F79EFBC}") = "Business Logic", "Business Logic\Business Logic.csproj", "{C8A05BB2-909E-445D-A60D-6955DDA39C94}"
EndProject
Global
	GlobalSection(SolutionConfigurationPlatforms) = preSolution
		Debug|Any CPU = Debug|Any CPU
		Release|Any CPU = Release|Any CPU
	EndGlobalSection
	GlobalSection(ProjectConfigurationPlatforms) = postSolution
		{B7EF47F5-434B-47AE-94EA-1C506088FE3C}.Debug|Any CPU.ActiveCfg = Debug|Any CPU
		{B7EF47F5-434B-47AE-94EA-1C506088FE3C}.Debug|Any CPU.Build.0 = Debug|Any CPU
		{B7EF47F5-434B-47AE-94EA-1C506088FE3C}.Release|Any CPU.ActiveCfg = Release|Any CPU
		{B7EF47F5-434B-47AE-94EA-1C506088FE3C}.Release|Any CPU.Build.0 = Release|Any CPU
		{325C3FC0-465E-4593-ACCD-2A80D7C1AD7F}.Debug|Any CPU.ActiveCfg = Debug|Any CPU
		{325C3FC0-465E-4593-ACCD-2A80D7C1AD7F}.Debug|Any CPU.Build.0 = Debug|Any CPU
		{325C3FC0-465E-4593-ACCD-2A80D7C1AD7F}.Release|Any CPU.ActiveCfg = Release|Any CPU
		{325C3FC0-465E-4593-ACCD-2A80D7C1AD7F}.Release|Any CPU.Build.0 = Release|Any CPU
		{C8A05BB2-909E-445D-A60D-6955DDA39C94}.Debug|Any CPU.ActiveCfg = Debug|Any CPU
		{C8A05BB2-909E-445D-A60D-6955DDA39C94}.Debug|Any CPU.Build.0 = Debug|Any CPU
		{C8A05BB2-909E-445D-A60D-6955DDA39C94}.Release|Any CPU.ActiveCfg = Release|Any CPU
		{C8A05BB2-909E-445D-A60D-6955DDA39C94}.Release|Any CPU.Build.0 = Release|Any CPU
	EndGlobalSection
	GlobalSection(SolutionProperties) = preSolution
		HideSolutionNode = FALSE
	EndGlobalSection
	GlobalSection(ExtensibilityGlobals) = postSolution
		SolutionGuid = {135A771F-9DC2-49B7-AB1B-72A7BA10B3E5}
	EndGlobalSection
EndGlobal
